
Microsoft Visual Studio Solution File, Format Version 12.00
# Visual Studio 2013
VisualStudioVersion = 12.0.30723.0
MinimumVisualStudioVersion = 10.0.40219.1
Project("{FAE04EC0-301F-11D3-BF4B-00C04F79EFBC}") = "Ivony.Logs", "Ivony.Logs\Ivony.Logs.csproj", "{C6DBA1A6-13C5-469B-BDA9-C19838931205}"
EndProject
Project("{FAE04EC0-301F-11D3-BF4B-00C04F79EFBC}") = "Ivony.Logs.Test", "Ivony.Logs.Test\Ivony.Logs.Test.csproj", "{84EE879C-1445-42D3-BC30-B4028E40AB37}"
EndProject
Project("{FAE04EC0-301F-11D3-BF4B-00C04F79EFBC}") = "TestConsole", "TestConsole\TestConsole.csproj", "{CD9D622F-898A-4468-AF4B-C49EA31FAC2F}"
EndProject
Global
	GlobalSection(SolutionConfigurationPlatforms) = preSolution
		Debug|Any CPU = Debug|Any CPU
		Release|Any CPU = Release|Any CPU
	EndGlobalSection
	GlobalSection(ProjectConfigurationPlatforms) = postSolution
		{C6DBA1A6-13C5-469B-BDA9-C19838931205}.Debug|Any CPU.ActiveCfg = Debug|Any CPU
		{C6DBA1A6-13C5-469B-BDA9-C19838931205}.Debug|Any CPU.Build.0 = Debug|Any CPU
		{C6DBA1A6-13C5-469B-BDA9-C19838931205}.Release|Any CPU.ActiveCfg = Release|Any CPU
		{C6DBA1A6-13C5-469B-BDA9-C19838931205}.Release|Any CPU.Build.0 = Release|Any CPU
		{84EE879C-1445-42D3-BC30-B4028E40AB37}.Debug|Any CPU.ActiveCfg = Debug|Any CPU
		{84EE879C-1445-42D3-BC30-B4028E40AB37}.Debug|Any CPU.Build.0 = Debug|Any CPU
		{84EE879C-1445-42D3-BC30-B4028E40AB37}.Release|Any CPU.ActiveCfg = Release|Any CPU
		{84EE879C-1445-42D3-BC30-B4028E40AB37}.Release|Any CPU.Build.0 = Release|Any CPU
		{CD9D622F-898A-4468-AF4B-C49EA31FAC2F}.Debug|Any CPU.ActiveCfg = Debug|Any CPU
		{CD9D622F-898A-4468-AF4B-C49EA31FAC2F}.Debug|Any CPU.Build.0 = Debug|Any CPU
		{CD9D622F-898A-4468-AF4B-C49EA31FAC2F}.Release|Any CPU.ActiveCfg = Release|Any CPU
		{CD9D622F-898A-4468-AF4B-C49EA31FAC2F}.Release|Any CPU.Build.0 = Release|Any CPU
	EndGlobalSection
	GlobalSection(SolutionProperties) = preSolution
		HideSolutionNode = FALSE
	EndGlobalSection
EndGlobal
